
Microsoft Visual Studio Solution File, Format Version 12.00
# Visual Studio 15
VisualStudioVersion = 15.0.28307.136
MinimumVisualStudioVersion = 10.0.40219.1
Project("{8BC9CEB8-8B4A-11D0-8D11-00A0C91BC942}") = "N2", "N2\N2.vcxproj", "{4DEBFD22-00E5-4865-A524-C270FC2448C4}"
EndProject
Project("{8BC9CEB8-8B4A-11D0-8D11-00A0C91BC942}") = "Application", "Application\Application.vcxproj", "{CEFDD1C0-D528-4CD5-A8AD-85895F8BFA1D}"
	ProjectSection(ProjectDependencies) = postProject
		{4DEBFD22-00E5-4865-A524-C270FC2448C4} = {4DEBFD22-00E5-4865-A524-C270FC2448C4}
	EndProjectSection
EndProject
Global
	GlobalSection(SolutionConfigurationPlatforms) = preSolution
		Debug|x64 = Debug|x64
		Debug|x86 = Debug|x86
		Release|x64 = Release|x64
		Release|x86 = Release|x86
	EndGlobalSection
	GlobalSection(ProjectConfigurationPlatforms) = postSolution
		{4DEBFD22-00E5-4865-A524-C270FC2448C4}.Debug|x64.ActiveCfg = Debug|x64
		{4DEBFD22-00E5-4865-A524-C270FC2448C4}.Debug|x64.Build.0 = Debug|x64
		{4DEBFD22-00E5-4865-A524-C270FC2448C4}.Debug|x86.ActiveCfg = Debug|Win32
		{4DEBFD22-00E5-4865-A524-C270FC2448C4}.Debug|x86.Build.0 = Debug|Win32
		{4DEBFD22-00E5-4865-A524-C270FC2448C4}.Release|x64.ActiveCfg = Release|x64
		{4DEBFD22-00E5-4865-A524-C270FC2448C4}.Release|x64.Build.0 = Release|x64
		{4DEBFD22-00E5-4865-A524-C270FC2448C4}.Release|x86.ActiveCfg = Release|Win32
		{4DEBFD22-00E5-4865-A524-C270FC2448C4}.Release|x86.Build.0 = Release|Win32
		{CEFDD1C0-D528-4CD5-A8AD-85895F8BFA1D}.Debug|x64.ActiveCfg = Debug|x64
		{CEFDD1C0-D528-4CD5-A8AD-85895F8BFA1D}.Debug|x64.Build.0 = Debug|x64
		{CEFDD1C0-D528-4CD5-A8AD-85895F8BFA1D}.Debug|x86.ActiveCfg = Debug|Win32
		{CEFDD1C0-D528-4CD5-A8AD-85895F8BFA1D}.Debug|x86.Build.0 = Debug|Win32
		{CEFDD1C0-D528-4CD5-A8AD-85895F8BFA1D}.Release|x64.ActiveCfg = Release|x64
		{CEFDD1C0-D528-4CD5-A8AD-85895F8BFA1D}.Release|x64.Build.0 = Release|x64
		{CEFDD1C0-D528-4CD5-A8AD-85895F8BFA1D}.Release|x86.ActiveCfg = Release|Win32
		{CEFDD1C0-D528-4CD5-A8AD-85895F8BFA1D}.Release|x86.Build.0 = Release|Win32
	EndGlobalSection
	GlobalSection(SolutionProperties) = preSolution
		HideSolutionNode = FALSE
	EndGlobalSection
	GlobalSection(ExtensibilityGlobals) = postSolution
		SolutionGuid = {23132700-84AA-4608-BBD5-9BF341D3D4BD}
	EndGlobalSection
EndGlobal
